Microsoft Visual Studio Solution File, Format Version 12.00
# Visual Studio Version 17
VisualStudioVersion = 17.5.2.0
MinimumVisualStudioVersion = 10.0.40219.1
Project("{FAE04EC0-301F-11D3-BF4B-00C04F79EFBC}") = "FirstProjectApi", "FirstProjectApi.csproj", "{D3D8643B-1EF6-8407-F4DE-7A552611C9FC}"
EndProject
Global
	GlobalSection(SolutionConfigurationPlatforms) = preSolution
		Debug|Any CPU = Debug|Any CPU
		Release|Any CPU = Release|Any CPU
	EndGlobalSection
	GlobalSection(ProjectConfigurationPlatforms) = postSolution
		{D3D8643B-1EF6-8407-F4DE-7A552611C9FC}.Debug|Any CPU.ActiveCfg = Debug|Any CPU
		{D3D8643B-1EF6-8407-F4DE-7A552611C9FC}.Debug|Any CPU.Build.0 = Debug|Any CPU
		{D3D8643B-1EF6-8407-F4DE-7A552611C9FC}.Release|Any CPU.ActiveCfg = Release|Any CPU
		{D3D8643B-1EF6-8407-F4DE-7A552611C9FC}.Release|Any CPU.Build.0 = Release|Any CPU
	EndGlobalSection
	GlobalSection(SolutionProperties) = preSolution
		HideSolutionNode = FALSE
	EndGlobalSection
	GlobalSection(ExtensibilityGlobals) = postSolution
		SolutionGuid = {FEF23A5F-709A-49A2-A55F-865FF3C9AE89}
	EndGlobalSection
EndGlobal
