Microsoft Visual Studio Solution File, Format Version 12.00
# Visual Studio Version 17
VisualStudioVersion = 17.5.2.0
MinimumVisualStudioVersion = 10.0.40219.1
Project("{FAE04EC0-301F-11D3-BF4B-00C04F79EFBC}") = "FirstProjectApi", "FirstProjectApi\FirstProjectApi.csproj", "{3EF898A4-E9BC-3FB3-5BDB-86578044D6CC}"
EndProject
Global
	GlobalSection(SolutionConfigurationPlatforms) = preSolution
		Debug|Any CPU = Debug|Any CPU
		Release|Any CPU = Release|Any CPU
	EndGlobalSection
	GlobalSection(ProjectConfigurationPlatforms) = postSolution
		{3EF898A4-E9BC-3FB3-5BDB-86578044D6CC}.Debug|Any CPU.ActiveCfg = Debug|Any CPU
		{3EF898A4-E9BC-3FB3-5BDB-86578044D6CC}.Debug|Any CPU.Build.0 = Debug|Any CPU
		{3EF898A4-E9BC-3FB3-5BDB-86578044D6CC}.Release|Any CPU.ActiveCfg = Release|Any CPU
		{3EF898A4-E9BC-3FB3-5BDB-86578044D6CC}.Release|Any CPU.Build.0 = Release|Any CPU
	EndGlobalSection
	GlobalSection(SolutionProperties) = preSolution
		HideSolutionNode = FALSE
	EndGlobalSection
	GlobalSection(ExtensibilityGlobals) = postSolution
		SolutionGuid = {5591C2E3-FA3A-49E5-979A-A1F5C597DE6C}
	EndGlobalSection
EndGlobal
